
Microsoft Visual Studio Solution File, Format Version 10.00
# Visual C++ Express 2008
Project("{8BC9CEB8-8B4A-11D0-8D11-00A0C91BC942}") = "bstyle", "bstyle\bstyle.vcproj", "{BFF3497E-7536-49CA-8603-38A81AEF1079}"
EndProject
Global
	GlobalSection(SolutionConfigurationPlatforms) = preSolution
		Debug|Win32 = Debug|Win32
		Release|Win32 = Release|Win32
	EndGlobalSection
	GlobalSection(ProjectConfigurationPlatforms) = postSolution
		{BFF3497E-7536-49CA-8603-38A81AEF1079}.Debug|Win32.ActiveCfg = Debug|Win32
		{BFF3497E-7536-49CA-8603-38A81AEF1079}.Debug|Win32.Build.0 = Debug|Win32
		{BFF3497E-7536-49CA-8603-38A81AEF1079}.Release|Win32.ActiveCfg = Release|Win32
		{BFF3497E-7536-49CA-8603-38A81AEF1079}.Release|Win32.Build.0 = Release|Win32
	EndGlobalSection
	GlobalSection(SolutionProperties) = preSolution
		HideSolutionNode = FALSE
	EndGlobalSection
EndGlobal
