
Microsoft Visual Studio Solution File, Format Version 10.00
# Visual C++ Express 2008
Project("{8BC9CEB8-8B4A-11D0-8D11-00A0C91BC942}") = "insert_test_pts", "insert_test_pts\insert_test_pts.vcproj", "{6F734978-6792-47DA-87F2-1247653D1A96}"
EndProject
Global
	GlobalSection(SolutionConfigurationPlatforms) = preSolution
		Debug|Win32 = Debug|Win32
		Release|Win32 = Release|Win32
	EndGlobalSection
	GlobalSection(ProjectConfigurationPlatforms) = postSolution
		{6F734978-6792-47DA-87F2-1247653D1A96}.Debug|Win32.ActiveCfg = Debug|Win32
		{6F734978-6792-47DA-87F2-1247653D1A96}.Debug|Win32.Build.0 = Debug|Win32
		{6F734978-6792-47DA-87F2-1247653D1A96}.Release|Win32.ActiveCfg = Release|Win32
		{6F734978-6792-47DA-87F2-1247653D1A96}.Release|Win32.Build.0 = Release|Win32
	EndGlobalSection
	GlobalSection(SolutionProperties) = preSolution
		HideSolutionNode = FALSE
	EndGlobalSection
EndGlobal
