
Microsoft Visual Studio Solution File, Format Version 10.00
# Visual C++ Express 2008
Project("{8BC9CEB8-8B4A-11D0-8D11-00A0C91BC942}") = "astyle", "astyle\astyle.vcproj", "{DF783D0D-93D8-445E-B1A2-4D5AE1A67BEA}"
EndProject
Global
	GlobalSection(SolutionConfigurationPlatforms) = preSolution
		Debug|Win32 = Debug|Win32
		Release|Win32 = Release|Win32
	EndGlobalSection
	GlobalSection(ProjectConfigurationPlatforms) = postSolution
		{DF783D0D-93D8-445E-B1A2-4D5AE1A67BEA}.Debug|Win32.ActiveCfg = Debug|Win32
		{DF783D0D-93D8-445E-B1A2-4D5AE1A67BEA}.Debug|Win32.Build.0 = Debug|Win32
		{DF783D0D-93D8-445E-B1A2-4D5AE1A67BEA}.Release|Win32.ActiveCfg = Release|Win32
		{DF783D0D-93D8-445E-B1A2-4D5AE1A67BEA}.Release|Win32.Build.0 = Release|Win32
	EndGlobalSection
	GlobalSection(SolutionProperties) = preSolution
		HideSolutionNode = FALSE
	EndGlobalSection
EndGlobal
